
Microsoft Visual Studio Solution File, Format Version 12.00
# Visual Studio Version 17
VisualStudioVersion = 17.7.34024.191
MinimumVisualStudioVersion = 10.0.40219.1
Project("{FAE04EC0-301F-11D3-BF4B-00C04F79EFBC}") = "SWL", "SWL\SWL.csproj", "{0540104C-CADF-4A85-9A3D-112DC9C781F8}"
EndProject
Project("{FAE04EC0-301F-11D3-BF4B-00C04F79EFBC}") = "BL", "BL\BL.csproj", "{EFA7DC20-380B-4343-A01D-881A9D800109}"
EndProject
Project("{FAE04EC0-301F-11D3-BF4B-00C04F79EFBC}") = "ML", "ML\ML.csproj", "{3C7E27FA-FEA6-4739-8FD5-C233A344341E}"
EndProject
Project("{FAE04EC0-301F-11D3-BF4B-00C04F79EFBC}") = "DL", "DL\DL.csproj", "{442B41B1-784C-4870-8FB1-A1F48554292E}"
EndProject
Project("{FAE04EC0-301F-11D3-BF4B-00C04F79EFBC}") = "ServicioTicket", "ServicioTicket\ServicioTicket.csproj", "{10DE06FA-51EE-4B1D-AFF7-EE0ED450885F}"
EndProject
Global
	GlobalSection(SolutionConfigurationPlatforms) = preSolution
		Debug|Any CPU = Debug|Any CPU
		Release|Any CPU = Release|Any CPU
	EndGlobalSection
	GlobalSection(ProjectConfigurationPlatforms) = postSolution
		{0540104C-CADF-4A85-9A3D-112DC9C781F8}.Debug|Any CPU.ActiveCfg = Debug|Any CPU
		{0540104C-CADF-4A85-9A3D-112DC9C781F8}.Debug|Any CPU.Build.0 = Debug|Any CPU
		{0540104C-CADF-4A85-9A3D-112DC9C781F8}.Release|Any CPU.ActiveCfg = Release|Any CPU
		{0540104C-CADF-4A85-9A3D-112DC9C781F8}.Release|Any CPU.Build.0 = Release|Any CPU
		{EFA7DC20-380B-4343-A01D-881A9D800109}.Debug|Any CPU.ActiveCfg = Debug|Any CPU
		{EFA7DC20-380B-4343-A01D-881A9D800109}.Debug|Any CPU.Build.0 = Debug|Any CPU
		{EFA7DC20-380B-4343-A01D-881A9D800109}.Release|Any CPU.ActiveCfg = Release|Any CPU
		{EFA7DC20-380B-4343-A01D-881A9D800109}.Release|Any CPU.Build.0 = Release|Any CPU
		{3C7E27FA-FEA6-4739-8FD5-C233A344341E}.Debug|Any CPU.ActiveCfg = Debug|Any CPU
		{3C7E27FA-FEA6-4739-8FD5-C233A344341E}.Debug|Any CPU.Build.0 = Debug|Any CPU
		{3C7E27FA-FEA6-4739-8FD5-C233A344341E}.Release|Any CPU.ActiveCfg = Release|Any CPU
		{3C7E27FA-FEA6-4739-8FD5-C233A344341E}.Release|Any CPU.Build.0 = Release|Any CPU
		{442B41B1-784C-4870-8FB1-A1F48554292E}.Debug|Any CPU.ActiveCfg = Debug|Any CPU
		{442B41B1-784C-4870-8FB1-A1F48554292E}.Debug|Any CPU.Build.0 = Debug|Any CPU
		{442B41B1-784C-4870-8FB1-A1F48554292E}.Release|Any CPU.ActiveCfg = Release|Any CPU
		{442B41B1-784C-4870-8FB1-A1F48554292E}.Release|Any CPU.Build.0 = Release|Any CPU
		{10DE06FA-51EE-4B1D-AFF7-EE0ED450885F}.Debug|Any CPU.ActiveCfg = Debug|Any CPU
		{10DE06FA-51EE-4B1D-AFF7-EE0ED450885F}.Debug|Any CPU.Build.0 = Debug|Any CPU
		{10DE06FA-51EE-4B1D-AFF7-EE0ED450885F}.Release|Any CPU.ActiveCfg = Release|Any CPU
		{10DE06FA-51EE-4B1D-AFF7-EE0ED450885F}.Release|Any CPU.Build.0 = Release|Any CPU
	EndGlobalSection
	GlobalSection(SolutionProperties) = preSolution
		HideSolutionNode = FALSE
	EndGlobalSection
	GlobalSection(ExtensibilityGlobals) = postSolution
		SolutionGuid = {94C590D1-8EA7-45B0-9FB0-2D1EBEB841D0}
	EndGlobalSection
EndGlobal
